github.com/quasilyte/go-ruleguard/dsl v0.3.23 h1:lxjt5B6ZCiBeeNO8/oQsegE6fLeCzuMRoVWSkXC4uvY=
github.com/quasilyte/go-ruleguard/dsl v0.3.23/go.mod h1:KeCP03KrjuSO0H1kTuZQCWlQPulDV6YMIXmpQss17rU=
golang.org/x/time v0.16.0 h1:vMb6ptszcQMkcwiRTAuNNU50gom6++Q/6gY2hDM6VDE=
golang.org/x/time v0.16.0/go.mod h1:rVKOqvZeKvrDKTQiAHJ7wmwP0RzleSphoEA9RcdLA0s=
